
Microsoft Visual Studio Solution File, Format Version 12.00
# Visual Studio Version 17
VisualStudioVersion = 17.7.34221.43
MinimumVisualStudioVersion = 10.0.40219.1
Project("{FAE04EC0-301F-11D3-BF4B-00C04F79EFBC}") = "LMS Project", "LMS Project\LMS Project.csproj", "{2546FF12-B703-4EF6-95DD-392434A11430}"
EndProject
Project("{FAE04EC0-301F-11D3-BF4B-00C04F79EFBC}") = "LMS_Project.Test", "LMS_Project.Test\LMS_Project.Test.csproj", "{9941F4B6-8C31-4C73-AD2C-BA49EF38DFD2}"
EndProject
Global
	GlobalSection(SolutionConfigurationPlatforms) = preSolution
		Debug|Any CPU = Debug|Any CPU
		Release|Any CPU = Release|Any CPU
	EndGlobalSection
	GlobalSection(ProjectConfigurationPlatforms) = postSolution
		{2546FF12-B703-4EF6-95DD-392434A11430}.Debug|Any CPU.ActiveCfg = Debug|Any CPU
		{2546FF12-B703-4EF6-95DD-392434A11430}.Debug|Any CPU.Build.0 = Debug|Any CPU
		{2546FF12-B703-4EF6-95DD-392434A11430}.Release|Any CPU.ActiveCfg = Release|Any CPU
		{2546FF12-B703-4EF6-95DD-392434A11430}.Release|Any CPU.Build.0 = Release|Any CPU
		{9941F4B6-8C31-4C73-AD2C-BA49EF38DFD2}.Debug|Any CPU.ActiveCfg = Debug|Any CPU
		{9941F4B6-8C31-4C73-AD2C-BA49EF38DFD2}.Debug|Any CPU.Build.0 = Debug|Any CPU
		{9941F4B6-8C31-4C73-AD2C-BA49EF38DFD2}.Release|Any CPU.ActiveCfg = Release|Any CPU
		{9941F4B6-8C31-4C73-AD2C-BA49EF38DFD2}.Release|Any CPU.Build.0 = Release|Any CPU
	EndGlobalSection
	GlobalSection(SolutionProperties) = preSolution
		HideSolutionNode = FALSE
	EndGlobalSection
	GlobalSection(ExtensibilityGlobals) = postSolution
		SolutionGuid = {DC1E766D-1552-4CA2-BE95-F3DB918F1D2A}
	EndGlobalSection
EndGlobal
